// !$*UTF8*$!
{
	archiveVersion = 1;
	classes = {
	};
	objectVersion = 50;
	objects = {

/* Begin PBXBuildFile section */
		8352E1DE26361FA500F93664 /* AppDelegate.swift in Sources */ = {isa = PBXBuildFile; fileRef = 8352E1DD26361FA500F93664 /* AppDelegate.swift */; };
		8352E1E026361FA500F93664 /* SceneDelegate.swift in Sources */ = {isa = PBXBuildFile; fileRef = 8352E1DF26361FA500F93664 /* SceneDelegate.swift */; };
		8352E1E226361FA500F93664 /* ViewController.swift in Sources */ = {isa = PBXBuildFile; fileRef = 8352E1E126361FA500F93664 /* ViewController.swift */; };
		8352E1E526361FA500F93664 /* Main.storyboard in Resources */ = {isa = PBXBuildFile; fileRef = 8352E1E326361FA500F93664 /* Main.storyboard */; };
		8352E1E726361FA800F93664 /* Assets.xcassets in Resources */ = {isa = PBXBuildFile; fileRef = 8352E1E626361FA800F93664 /* Assets.xcassets */; };
		8352E1EA26361FA800F93664 /* LaunchScreen.storyboard in Resources */ = {isa = PBXBuildFile; fileRef = 8352E1E826361FA800F93664 /* LaunchScreen.storyboard */; };
/* End PBXBuildFile section */

/* Begin PBXFileReference section */
		8352E1DA26361FA500F93664 /* Xcode Projects_Lesson.app */ = {isa = PBXFileReference; explicitFileType = wrapper.application; includeInIndex = 0; path = "Xcode Projects_Lesson.app"; sourceTree = BUILT_PRODUCTS_DIR; };
		8352E1DD26361FA500F93664 /* AppDelegate.swift */ = {isa = PBXFileReference; lastKnownFileType = sourcecode.swift; path = AppDelegate.swift; sourceTree = "<group>"; };
		8352E1DF26361FA500F93664 /* SceneDelegate.swift */ = {isa = PBXFileReference; lastKnownFileType = sourcecode.swift; path = SceneDelegate.swift; sourceTree = "<group>"; };
		8352E1E126361FA500F93664 /* ViewController.swift */ = {isa = PBXFileReference; lastKnownFileType = sourcecode.swift; path = ViewController.swift; sourceTree = "<group>"; };
		8352E1E426361FA500F93664 /* Base */ = {isa = PBXFileReference; lastKnownFileType = file.storyboard; name = Base; path = Base.lproj/Main.storyboard; sourceTree = "<group>"; };
		8352E1E626361FA800F93664 /* Assets.xcassets */ = {isa = PBXFileReference; lastKnownFileType = folder.assetcatalog; path = Assets.xcassets; sourceTree = "<group>"; };
		8352E1E926361FA800F93664 /* Base */ = {isa = PBXFileReference; lastKnownFileType = file.storyboard; name = Base; path = Base.lproj/LaunchScreen.storyboard; sourceTree = "<group>"; };
		8352E1EB26361FA800F93664 /* Info.plist */ = {isa = PBXFileReference; lastKnownFileType = text.plist.xml; path = Info.plist; sourceTree = "<group>"; };
/* End PBXFileReference section */

/* Begin PBXFrameworksBuildPhase section */
		8352E1D726361FA500F93664 /* Frameworks */ = {
			isa = PBXFrameworksBuildPhase;
			buildActionMask = 2147483647;
			files = (
			);
			runOnlyForDeploymentPostprocessing = 0;
		};
/* End PBXFrameworksBuildPhase section */

/* Begin PBXGroup section */
		8352E1D126361FA500F93664 = {
			isa = PBXGroup;
			children = (
				8352E1DC26361FA500F93664 /* Xcode Projects_Lesson */,
				8352E1DB26361FA500F93664 /* Products */,
			);
			sourceTree = "<group>";
		};
		8352E1DB26361FA500F93664 /* Products */ = {
			isa = PBXGroup;
			children = (
				8352E1DA26361FA500F93664 /* Xcode Projects_Lesson.app */,
			);
			name = Products;
			sourceTree = "<group>";
		};
		8352E1DC26361FA500F93664 /* Xcode Projects_Lesson */ = {
			isa = PBXGroup;
			children = (
				8352E1DD26361FA500F93664 /* AppDelegate.swift */,
				8352E1DF26361FA500F93664 /* SceneDelegate.swift */,
				8352E1E126361FA500F93664 /* ViewController.swift */,
				8352E1E326361FA500F93664 /* Main.storyboard */,
				8352E1E626361FA800F93664 /* Assets.xcassets */,
				8352E1E826361FA800F93664 /* LaunchScreen.storyboard */,
				8352E1EB26361FA800F93664 /* Info.plist */,
			);
			path = "Xcode Projects_Lesson";
			sourceTree = "<group>";
		};
/* End PBXGroup section */

/* Begin PBXNativeTarget section */
		8352E1D926361FA500F93664 /* Xcode Projects_Lesson */ = {
			isa = PBXNativeTarget;
			buildConfigurationList = 8352E1EE26361FA800F93664 /* Build configuration list for PBXNativeTarget "Xcode Projects_Lesson" */;
			buildPhases = (
				8352E1D626361FA500F93664 /* Sources */,
				8352E1D726361FA500F93664 /* Frameworks */,
				8352E1D826361FA500F93664 /* Resources */,
			);
			buildRules = (
			);
			dependencies = (
			);
			name = "Xcode Projects_Lesson";
			productName = "Xcode Projects_Lesson";
			productReference = 8352E1DA26361FA500F93664 /* Xcode Projects_Lesson.app */;
			productType = "com.apple.product-type.application";
		};
/* End PBXNativeTarget section */

/* Begin PBXProject section */
		8352E1D226361FA500F93664 /* Project object */ = {
			isa = PBXProject;
			attributes = {
				LastSwiftUpdateCheck = 1140;
				LastUpgradeCheck = 1140;
				ORGANIZATIONNAME = KWK;
				TargetAttributes = {
					8352E1D926361FA500F93664 = {
						CreatedOnToolsVersion = 11.4;
					};
				};
			};
			buildConfigurationList = 8352E1D526361FA500F93664 /* Build configuration list for PBXProject "Xcode Projects_Lesson" */;
			compatibilityVersion = "Xcode 9.3";
			developmentRegion = en;
			hasScannedForEncodings = 0;
			knownRegions = (
				en,
				Base,
			);
			mainGroup = 8352E1D126361FA500F93664;
			productRefGroup = 8352E1DB26361FA500F93664 /* Products */;
			projectDirPath = "";
			projectRoot = "";
			targets = (
				8352E1D926361FA500F93664 /* Xcode Projects_Lesson */,
			);
		};
/* End PBXProject section */

/* Begin PBXResourcesBuildPhase section */
		8352E1D826361FA500F93664 /* Resources */ = {
			isa = PBXResourcesBuildPhase;
			buildActionMask = 2147483647;
			files = (
				8352E1EA26361FA800F93664 /* LaunchScreen.storyboard in Resources */,
				8352E1E726361FA800F93664 /* Assets.xcassets in Resources */,
				8352E1E526361FA500F93664 /* Main.storyboard in Resources */,
			);
			runOnlyForDeploymentPostprocessing = 0;
		};
/* End PBXResourcesBuildPhase section */

/* Begin PBXSourcesBuildPhase section */
		8352E1D626361FA500F93664 /* Sources */ = {
			isa = PBXSourcesBuildPhase;
			buildActionMask = 2147483647;
			files = (
				8352E1E226361FA500F93664 /* ViewController.swift in Sources */,
				8352E1DE26361FA500F93664 /* AppDelegate.swift in Sources */,
				8352E1E026361FA500F93664 /* SceneDelegate.swift in Sources */,
			);
			runOnlyForDeploymentPostprocessing = 0;
		};
/* End PBXSourcesBuildPhase section */

/* Begin PBXVariantGroup section */
		8352E1E326361FA500F93664 /* Main.storyboard */ = {
			isa = PBXVariantGroup;
			children = (
				8352E1E426361FA500F93664 /* Base */,
			);
			name = Main.storyboard;
			sourceTree = "<group>";
		};
		8352E1E826361FA800F93664 /* LaunchScreen.storyboard */ = {
			isa = PBXVariantGroup;
			children = (
				8352E1E926361FA800F93664 /* Base */,
			);
			name = LaunchScreen.storyboard;
			sourceTree = "<group>";
		};
/* End PBXVariantGroup section */

/* Begin XCBuildConfiguration section */
		8352E1EC26361FA800F93664 /* Debug */ = {
			isa = XCBuildConfiguration;
			buildSettings = {
				ALWAYS_SEARCH_USER_PATHS = NO;
				CLANG_ANALYZER_NONNULL = YES;
				CLANG_ANALYZER_NUMBER_OBJECT_CONVERSION = YES_AGGRESSIVE;
				CLANG_CXX_LANGUAGE_STANDARD = "gnu++14";
				CLANG_CXX_LIBRARY = "libc++";
				CLANG_ENABLE_MODULES = YES;
				CLANG_ENABLE_OBJC_ARC = YES;
				CLANG_ENABLE_OBJC_WEAK = YES;
				CLANG_WARN_BLOCK_CAPTURE_AUTORELEASING = YES;
				CLANG_WARN_BOOL_CONVERSION = YES;
				CLANG_WARN_COMMA = YES;
				CLANG_WARN_CONSTANT_CONVERSION = YES;
				CLANG_WARN_DEPRECATED_OBJC_IMPLEMENTATIONS = YES;
				CLANG_WARN_DIRECT_OBJC_ISA_USAGE = YES_ERROR;
				CLANG_WARN_DOCUMENTATION_COMMENTS = YES;
				CLANG_WARN_EMPTY_BODY = YES;
				CLANG_WARN_ENUM_CONVERSION = YES;
				CLANG_WARN_INFINITE_RECURSION = YES;
				CLANG_WARN_INT_CONVERSION = YES;
				CLANG_WARN_NON_LITERAL_NULL_CONVERSION = YES;
				CLANG_WARN_OBJC_IMPLICIT_RETAIN_SELF = YES;
				CLANG_WARN_OBJC_LITERAL_CONVERSION = YES;
				CLANG_WARN_OBJC_ROOT_CLASS = YES_ERROR;
				CLANG_WARN_RANGE_LOOP_ANALYSIS = YES;
				CLANG_WARN_STRICT_PROTOTYPES = YES;
				CLANG_WARN_SUSPICIOUS_MOVE = YES;
				CLANG_WARN_UNGUARDED_AVAILABILITY = YES_AGGRESSIVE;
				CLANG_WARN_UNREACHABLE_CODE = YES;
				CLANG_WARN__DUPLICATE_METHOD_MATCH = YES;
				COPY_PHASE_STRIP = NO;
				DEBUG_INFORMATION_FORMAT = dwarf;
				ENABLE_STRICT_OBJC_MSGSEND = YES;
				ENABLE_TESTABILITY = YES;
				GCC_C_LANGUAGE_STANDARD = gnu11;
				GCC_DYNAMIC_NO_PIC = NO;
				GCC_NO_COMMON_BLOCKS = YES;
				GCC_OPTIMIZATION_LEVEL = 0;
				GCC_PREPROCESSOR_DEFINITIONS = (
					"DEBUG=1",
					"$(inherited)",
				);
				GCC_WARN_64_TO_32_BIT_CONVERSION = YES;
				GCC_WARN_ABOUT_RETURN_TYPE = YES_ERROR;
				GCC_WARN_UNDECLARED_SELECTOR = YES;
				GCC_WARN_UNINITIALIZED_AUTOS = YES_AGGRESSIVE;
				GCC_WARN_UNUSED_FUNCTION = YES;
				GCC_WARN_UNUSED_VARIABLE = YES;
				IPHONEOS_DEPLOYMENT_TARGET = 13.4;
				MTL_ENABLE_DEBUG_INFO = INCLUDE_SOURCE;
				MTL_FAST_MATH = YES;
				ONLY_ACTIVE_ARCH = YES;
				SDKROOT = iphoneos;
				SWIFT_ACTIVE_COMPILATION_CONDITIONS = DEBUG;
				SWIFT_OPTIMIZATION_LEVEL = "-Onone";
			};
			name = Debug;
		};
		8352E1ED26361FA800F93664 /* Release */ = {
			isa = XCBuildConfiguration;
			buildSettings = {
				ALWAYS_SEARCH_USER_PATHS = NO;
				CLANG_ANALYZER_NONNULL = YES;
				CLANG_ANALYZER_NUMBER_OBJECT_CONVERSION = YES_AGGRESSIVE;
				CLANG_CXX_LANGUAGE_STANDARD = "gnu++14";
				CLANG_CXX_LIBRARY = "libc++";
				CLANG_ENABLE_MODULES = YES;
				CLANG_ENABLE_OBJC_ARC = YES;
				CLANG_ENABLE_OBJC_WEAK = YES;
				CLANG_WARN_BLOCK_CAPTURE_AUTORELEASING = YES;
				CLANG_WARN_BOOL_CONVERSION = YES;
				CLANG_WARN_COMMA = YES;
				CLANG_WARN_CONSTANT_CONVERSION = YES;
				CLANG_WARN_DEPRECATED_OBJC_IMPLEMENTATIONS = YES;
				CLANG_WARN_DIRECT_OBJC_ISA_USAGE = YES_ERROR;
				CLANG_WARN_DOCUMENTATION_COMMENTS = YES;
				CLANG_WARN_EMPTY_BODY = YES;
				CLANG_WARN_ENUM_CONVERSION = YES;
				CLANG_WARN_INFINITE_RECURSION = YES;
				CLANG_WARN_INT_CONVERSION = YES;
				CLANG_WARN_NON_LITERAL_NULL_CONVERSION = YES;
				CLANG_WARN_OBJC_IMPLICIT_RETAIN_SELF = YES;
				CLANG_WARN_OBJC_LITERAL_CONVERSION = YES;
				CLANG_WARN_OBJC_ROOT_CLASS = YES_ERROR;
				CLANG_WARN_RANGE_LOOP_ANALYSIS = YES;
				CLANG_WARN_STRICT_PROTOTYPES = YES;
				CLANG_WARN_SUSPICIOUS_MOVE = YES;
				CLANG_WARN_UNGUARDED_AVAILABILITY = YES_AGGRESSIVE;
				CLANG_WARN_UNREACHABLE_CODE = YES;
				CLANG_WARN__DUPLICATE_METHOD_MATCH = YES;
				COPY_PHASE_STRIP = NO;
				DEBUG_INFORMATION_FORMAT = "dwarf-with-dsym";
				ENABLE_NS_ASSERTIONS = NO;
				ENABLE_STRICT_OBJC_MSGSEND = YES;
				GCC_C_LANGUAGE_STANDARD = gnu11;
				GCC_NO_COMMON_BLOCKS = YES;
				GCC_WARN_64_TO_32_BIT_CONVERSION = YES;
				GCC_WARN_ABOUT_RETURN_TYPE = YES_ERROR;
				GCC_WARN_UNDECLARED_SELECTOR = YES;
				GCC_WARN_UNINITIALIZED_AUTOS = YES_AGGRESSIVE;
				GCC_WARN_UNUSED_FUNCTION = YES;
				GCC_WARN_UNUSED_VARIABLE = YES;
				IPHONEOS_DEPLOYMENT_TARGET = 13.4;
				MTL_ENABLE_DEBUG_INFO = NO;
				MTL_FAST_MATH = YES;
				SDKROOT = iphoneos;
				SWIFT_COMPILATION_MODE = wholemodule;
				SWIFT_OPTIMIZATION_LEVEL = "-O";
				VALIDATE_PRODUCT = YES;
			};
			name = Release;
		};
		8352E1EF26361FA800F93664 /* Debug */ = {
			isa = XCBuildConfiguration;
			buildSettings = {
				ASSETCATALOG_COMPILER_APPICON_NAME = AppIcon;
				CODE_SIGN_STYLE = Automatic;
				INFOPLIST_FILE = "Xcode Projects_Lesson/Info.plist";
				LD_RUNPATH_SEARCH_PATHS = (
					"$(inherited)",
					"@executable_path/Frameworks",
				);
				PRODUCT_BUNDLE_IDENTIFIER = "EF.Xcode-Projects-Lesson";
				PRODUCT_NAME = "$(TARGET_NAME)";
				SWIFT_VERSION = 5.0;
				TARGETED_DEVICE_FAMILY = "1,2";
			};
			name = Debug;
		};
		8352E1F026361FA800F93664 /* Release */ = {
			isa = XCBuildConfiguration;
			buildSettings = {
				ASSETCATALOG_COMPILER_APPICON_NAME = AppIcon;
				CODE_SIGN_STYLE = Automatic;
				INFOPLIST_FILE = "Xcode Projects_Lesson/Info.plist";
				LD_RUNPATH_SEARCH_PATHS = (
					"$(inherited)",
					"@executable_path/Frameworks",
				);
				PRODUCT_BUNDLE_IDENTIFIER = "EF.Xcode-Projects-Lesson";
				PRODUCT_NAME = "$(TARGET_NAME)";
				SWIFT_VERSION = 5.0;
				TARGETED_DEVICE_FAMILY = "1,2";
			};
			name = Release;
		};
/* End XCBuildConfiguration section */

/* Begin XCConfigurationList section */
		8352E1D526361FA500F93664 /* Build configuration list for PBXProject "Xcode Projects_Lesson" */ = {
			isa = XCConfigurationList;
			buildConfigurations = (
				8352E1EC26361FA800F93664 /* Debug */,
				8352E1ED26361FA800F93664 /* Release */,
			);
			defaultConfigurationIsVisible = 0;
			defaultConfigurationName = Release;
		};
		8352E1EE26361FA800F93664 /* Build configuration list for PBXNativeTarget "Xcode Projects_Lesson" */ = {
			isa = XCConfigurationList;
			buildConfigurations = (
				8352E1EF26361FA800F93664 /* Debug */,
				8352E1F026361FA800F93664 /* Release */,
			);
			defaultConfigurationIsVisible = 0;
			defaultConfigurationName = Release;
		};
/* End XCConfigurationList section */
	};
	rootObject = 8352E1D226361FA500F93664 /* Project object */;
}
